{
  "name": "Site",
  "lockfileVersion": 3,
  "requires": true,
  "packages": {
    "": {
      "dependencies": {
        "angular-sidebar": "^1.1.0"
      }
    },
    "node_modules/angular": {
      "version": "1.8.3",
      "resolved": "https://registry.npmjs.org/angular/-/angular-1.8.3.tgz",
      "integrity": "sha512-5qjkWIQQVsHj4Sb5TcEs4WZWpFeVFHXwxEBHUhrny41D8UrBAd6T/6nPPAsLngJCReIOqi95W3mxdveveutpZw==",
      "deprecated": "For the actively supported Angular, see https://www.npmjs.com/package/@angular/core. AngularJS support has officially ended. For extended AngularJS support options, see https://goo.gle/angularjs-path-forward.",
      "peer": true
    },
    "node_modules/angular-sidebar": {
      "version": "1.1.0",
      "resolved": "https://registry.npmjs.org/angular-sidebar/-/angular-sidebar-1.1.0.tgz",
      "integrity": "sha512-aCi5v0Y8gAukXkaFL4Saixi/Sfu8TTPAfJUXmXz2Ip7az8wXleMoIK+GOiL39lkuLGslswLSGUksQNZp4ajZ6Q==",
      "peerDependencies": {
        "angular": ">=1.3 <2"
      }
    }
  }
}
